
Microsoft Visual Studio Solution File, Format Version 12.00
# Visual Studio Version 17
VisualStudioVersion = 17.14.36511.14
MinimumVisualStudioVersion = 10.0.40219.1
Project("{2150E333-8FDC-42A3-9474-1A3956D46DE8}") = "Task0", "Task0", "{02EA681E-C7D8-13C7-8484-4AC65E1B71E8}"
EndProject
Project("{FAE04EC0-301F-11D3-BF4B-00C04F79EFBC}") = "Tyuiu.RomanovichEN.Sprint3.Task0.V12.Lib", "Tyuiu.RomanovichEN.Sprint3.Task0.V12.Lib\Tyuiu.RomanovichEN.Sprint3.Task0.V12.Lib.csproj", "{61D087C9-8245-4B5D-8851-890D8F578792}"
EndProject
Project("{FAE04EC0-301F-11D3-BF4B-00C04F79EFBC}") = "Tyuiu.RomanovichEN.Sprint3.Task0.V12.Test", "Tyuiu.RomanovichEN.Sprint3.Task0.V12.Test\Tyuiu.RomanovichEN.Sprint3.Task0.V12.Test.csproj", "{72841D22-56D8-4617-BD3C-4271ACBE4918}"
EndProject
Project("{FAE04EC0-301F-11D3-BF4B-00C04F79EFBC}") = "Tyuiu.RomanovichEN.Sprint3.Task0.V12", "Tyuiu.RomanovichEN.Sprint3.Task0.V12\Tyuiu.RomanovichEN.Sprint3.Task0.V12.csproj", "{654453D8-76E8-4168-9720-56D2F8B54C85}"
EndProject
Project("{2150E333-8FDC-42A3-9474-1A3956D46DE8}") = "Task1", "Task1", "{EBED3E12-C98F-4AC2-8400-D57468FEB73A}"
EndProject
Project("{FAE04EC0-301F-11D3-BF4B-00C04F79EFBC}") = "Tyuiu.RomanovichEN.Sprint3.Task1.V24.Lib", "Tyuiu.RomanovichEN.Sprint3.Task1.V24.Lib\Tyuiu.RomanovichEN.Sprint3.Task1.V24.Lib.csproj", "{F59F5C1F-09C6-40E9-A499-B09D5AA0E230}"
EndProject
Project("{FAE04EC0-301F-11D3-BF4B-00C04F79EFBC}") = "Tyuiu.RomanovichEN.Sprint3.Task1.V24.Test", "Tyuiu.RomanovichEN.Sprint3.Task1.V24.Test\Tyuiu.RomanovichEN.Sprint3.Task1.V24.Test.csproj", "{80E196DB-3AF5-4114-B19D-38BEDE920A93}"
EndProject
Project("{FAE04EC0-301F-11D3-BF4B-00C04F79EFBC}") = "Tyuiu.RomanovichEN.Sprint3.Task1.V24", "Tyuiu.RomanovichEN.Sprint3.Task1.V24\Tyuiu.RomanovichEN.Sprint3.Task1.V24.csproj", "{CE899362-7378-4C14-8C04-DBC361E74D3D}"
EndProject
Project("{2150E333-8FDC-42A3-9474-1A3956D46DE8}") = "Task2", "Task2", "{47E2F1CA-8676-4032-A7F2-B30F82849757}"
EndProject
Project("{FAE04EC0-301F-11D3-BF4B-00C04F79EFBC}") = "Tyuiu.RomanovichEN.Sprint3.Task2.V13.Lib", "Tyuiu.RomanovichEN.Sprint3.Task2.V13.Lib\Tyuiu.RomanovichEN.Sprint3.Task2.V13.Lib.csproj", "{C8157DD4-309C-4FDA-A842-CFF54FF6B97C}"
EndProject
Project("{FAE04EC0-301F-11D3-BF4B-00C04F79EFBC}") = "Tyuiu.RomanovichEN.Sprint3.Task2.V13.Test", "Tyuiu.RomanovichEN.Sprint3.Task2.V13.Test\Tyuiu.RomanovichEN.Sprint3.Task2.V13.Test.csproj", "{0DA9E029-91F7-4633-B572-6125D03DFA06}"
EndProject
Project("{FAE04EC0-301F-11D3-BF4B-00C04F79EFBC}") = "Tyuiu.RomanovichEN.Sprint3.Task2.V13", "Tyuiu.RomanovichEN.Sprint3.Task2.V13\Tyuiu.RomanovichEN.Sprint3.Task2.V13.csproj", "{544F60C8-2180-416A-95AA-3FE362FDB961}"
EndProject
Global
	GlobalSection(SolutionConfigurationPlatforms) = preSolution
		Debug|Any CPU = Debug|Any CPU
		Release|Any CPU = Release|Any CPU
	EndGlobalSection
	GlobalSection(ProjectConfigurationPlatforms) = postSolution
		{61D087C9-8245-4B5D-8851-890D8F578792}.Debug|Any CPU.ActiveCfg = Debug|Any CPU
		{61D087C9-8245-4B5D-8851-890D8F578792}.Debug|Any CPU.Build.0 = Debug|Any CPU
		{61D087C9-8245-4B5D-8851-890D8F578792}.Release|Any CPU.ActiveCfg = Release|Any CPU
		{61D087C9-8245-4B5D-8851-890D8F578792}.Release|Any CPU.Build.0 = Release|Any CPU
		{72841D22-56D8-4617-BD3C-4271ACBE4918}.Debug|Any CPU.ActiveCfg = Debug|Any CPU
		{72841D22-56D8-4617-BD3C-4271ACBE4918}.Debug|Any CPU.Build.0 = Debug|Any CPU
		{72841D22-56D8-4617-BD3C-4271ACBE4918}.Release|Any CPU.ActiveCfg = Release|Any CPU
		{72841D22-56D8-4617-BD3C-4271ACBE4918}.Release|Any CPU.Build.0 = Release|Any CPU
		{654453D8-76E8-4168-9720-56D2F8B54C85}.Debug|Any CPU.ActiveCfg = Debug|Any CPU
		{654453D8-76E8-4168-9720-56D2F8B54C85}.Debug|Any CPU.Build.0 = Debug|Any CPU
		{654453D8-76E8-4168-9720-56D2F8B54C85}.Release|Any CPU.ActiveCfg = Release|Any CPU
		{654453D8-76E8-4168-9720-56D2F8B54C85}.Release|Any CPU.Build.0 = Release|Any CPU
		{F59F5C1F-09C6-40E9-A499-B09D5AA0E230}.Debug|Any CPU.ActiveCfg = Debug|Any CPU
		{F59F5C1F-09C6-40E9-A499-B09D5AA0E230}.Debug|Any CPU.Build.0 = Debug|Any CPU
		{F59F5C1F-09C6-40E9-A499-B09D5AA0E230}.Release|Any CPU.ActiveCfg = Release|Any CPU
		{F59F5C1F-09C6-40E9-A499-B09D5AA0E230}.Release|Any CPU.Build.0 = Release|Any CPU
		{80E196DB-3AF5-4114-B19D-38BEDE920A93}.Debug|Any CPU.ActiveCfg = Debug|Any CPU
		{80E196DB-3AF5-4114-B19D-38BEDE920A93}.Debug|Any CPU.Build.0 = Debug|Any CPU
		{80E196DB-3AF5-4114-B19D-38BEDE920A93}.Release|Any CPU.ActiveCfg = Release|Any CPU
		{80E196DB-3AF5-4114-B19D-38BEDE920A93}.Release|Any CPU.Build.0 = Release|Any CPU
		{CE899362-7378-4C14-8C04-DBC361E74D3D}.Debug|Any CPU.ActiveCfg = Debug|Any CPU
		{CE899362-7378-4C14-8C04-DBC361E74D3D}.Debug|Any CPU.Build.0 = Debug|Any CPU
		{CE899362-7378-4C14-8C04-DBC361E74D3D}.Release|Any CPU.ActiveCfg = Release|Any CPU
		{CE899362-7378-4C14-8C04-DBC361E74D3D}.Release|Any CPU.Build.0 = Release|Any CPU
		{C8157DD4-309C-4FDA-A842-CFF54FF6B97C}.Debug|Any CPU.ActiveCfg = Debug|Any CPU
		{C8157DD4-309C-4FDA-A842-CFF54FF6B97C}.Debug|Any CPU.Build.0 = Debug|Any CPU
		{C8157DD4-309C-4FDA-A842-CFF54FF6B97C}.Release|Any CPU.ActiveCfg = Release|Any CPU
		{C8157DD4-309C-4FDA-A842-CFF54FF6B97C}.Release|Any CPU.Build.0 = Release|Any CPU
		{0DA9E029-91F7-4633-B572-6125D03DFA06}.Debug|Any CPU.ActiveCfg = Debug|Any CPU
		{0DA9E029-91F7-4633-B572-6125D03DFA06}.Debug|Any CPU.Build.0 = Debug|Any CPU
		{0DA9E029-91F7-4633-B572-6125D03DFA06}.Release|Any CPU.ActiveCfg = Release|Any CPU
		{0DA9E029-91F7-4633-B572-6125D03DFA06}.Release|Any CPU.Build.0 = Release|Any CPU
		{544F60C8-2180-416A-95AA-3FE362FDB961}.Debug|Any CPU.ActiveCfg = Debug|Any CPU
		{544F60C8-2180-416A-95AA-3FE362FDB961}.Debug|Any CPU.Build.0 = Debug|Any CPU
		{544F60C8-2180-416A-95AA-3FE362FDB961}.Release|Any CPU.ActiveCfg = Release|Any CPU
		{544F60C8-2180-416A-95AA-3FE362FDB961}.Release|Any CPU.Build.0 = Release|Any CPU
	EndGlobalSection
	GlobalSection(SolutionProperties) = preSolution
		HideSolutionNode = FALSE
	EndGlobalSection
	GlobalSection(NestedProjects) = preSolution
		{61D087C9-8245-4B5D-8851-890D8F578792} = {02EA681E-C7D8-13C7-8484-4AC65E1B71E8}
		{72841D22-56D8-4617-BD3C-4271ACBE4918} = {02EA681E-C7D8-13C7-8484-4AC65E1B71E8}
		{654453D8-76E8-4168-9720-56D2F8B54C85} = {02EA681E-C7D8-13C7-8484-4AC65E1B71E8}
		{F59F5C1F-09C6-40E9-A499-B09D5AA0E230} = {EBED3E12-C98F-4AC2-8400-D57468FEB73A}
		{80E196DB-3AF5-4114-B19D-38BEDE920A93} = {EBED3E12-C98F-4AC2-8400-D57468FEB73A}
		{CE899362-7378-4C14-8C04-DBC361E74D3D} = {EBED3E12-C98F-4AC2-8400-D57468FEB73A}
		{C8157DD4-309C-4FDA-A842-CFF54FF6B97C} = {47E2F1CA-8676-4032-A7F2-B30F82849757}
		{0DA9E029-91F7-4633-B572-6125D03DFA06} = {47E2F1CA-8676-4032-A7F2-B30F82849757}
		{544F60C8-2180-416A-95AA-3FE362FDB961} = {47E2F1CA-8676-4032-A7F2-B30F82849757}
	EndGlobalSection
	GlobalSection(ExtensibilityGlobals) = postSolution
		SolutionGuid = {DA2666B1-61F7-4B78-8FDF-5CD6F26E991B}
	EndGlobalSection
EndGlobal
