
Microsoft Visual Studio Solution File, Format Version 12.00
# Visual Studio Version 17
VisualStudioVersion = 17.14.36511.14
MinimumVisualStudioVersion = 10.0.40219.1
Project("{2150E333-8FDC-42A3-9474-1A3956D46DE8}") = "Task0", "Task0", "{02EA681E-C7D8-13C7-8484-4AC65E1B71E8}"
EndProject
Project("{FAE04EC0-301F-11D3-BF4B-00C04F79EFBC}") = "Tyuiu.RomanovichEN.Sprint3.Task0.V12.Lib", "Tyuiu.RomanovichEN.Sprint3.Task0.V12.Lib\Tyuiu.RomanovichEN.Sprint3.Task0.V12.Lib.csproj", "{61D087C9-8245-4B5D-8851-890D8F578792}"
EndProject
Project("{FAE04EC0-301F-11D3-BF4B-00C04F79EFBC}") = "Tyuiu.RomanovichEN.Sprint3.Task0.V12.Test", "Tyuiu.RomanovichEN.Sprint3.Task0.V12.Test\Tyuiu.RomanovichEN.Sprint3.Task0.V12.Test.csproj", "{72841D22-56D8-4617-BD3C-4271ACBE4918}"
EndProject
Project("{FAE04EC0-301F-11D3-BF4B-00C04F79EFBC}") = "Tyuiu.RomanovichEN.Sprint3.Task0.V12", "Tyuiu.RomanovichEN.Sprint3.Task0.V12\Tyuiu.RomanovichEN.Sprint3.Task0.V12.csproj", "{654453D8-76E8-4168-9720-56D2F8B54C85}"
EndProject
Project("{2150E333-8FDC-42A3-9474-1A3956D46DE8}") = "Task1", "Task1", "{EBED3E12-C98F-4AC2-8400-D57468FEB73A}"
EndProject
Project("{FAE04EC0-301F-11D3-BF4B-00C04F79EFBC}") = "Tyuiu.RomanovichEN.Sprint3.Task1.V24.Lib", "Tyuiu.RomanovichEN.Sprint3.Task1.V24.Lib\Tyuiu.RomanovichEN.Sprint3.Task1.V24.Lib.csproj", "{F59F5C1F-09C6-40E9-A499-B09D5AA0E230}"
EndProject
Project("{FAE04EC0-301F-11D3-BF4B-00C04F79EFBC}") = "Tyuiu.RomanovichEN.Sprint3.Task1.V24.Test", "Tyuiu.RomanovichEN.Sprint3.Task1.V24.Test\Tyuiu.RomanovichEN.Sprint3.Task1.V24.Test.csproj", "{80E196DB-3AF5-4114-B19D-38BEDE920A93}"
EndProject
Project("{FAE04EC0-301F-11D3-BF4B-00C04F79EFBC}") = "Tyuiu.RomanovichEN.Sprint3.Task1.V24", "Tyuiu.RomanovichEN.Sprint3.Task1.V24\Tyuiu.RomanovichEN.Sprint3.Task1.V24.csproj", "{CE899362-7378-4C14-8C04-DBC361E74D3D}"
EndProject
Project("{2150E333-8FDC-42A3-9474-1A3956D46DE8}") = "Task2", "Task2", "{47E2F1CA-8676-4032-A7F2-B30F82849757}"
EndProject
Project("{FAE04EC0-301F-11D3-BF4B-00C04F79EFBC}") = "Tyuiu.RomanovichEN.Sprint3.Task2.V13.Lib", "Tyuiu.RomanovichEN.Sprint3.Task2.V13.Lib\Tyuiu.RomanovichEN.Sprint3.Task2.V13.Lib.csproj", "{C8157DD4-309C-4FDA-A842-CFF54FF6B97C}"
EndProject
Project("{FAE04EC0-301F-11D3-BF4B-00C04F79EFBC}") = "Tyuiu.RomanovichEN.Sprint3.Task2.V13.Test", "Tyuiu.RomanovichEN.Sprint3.Task2.V13.Test\Tyuiu.RomanovichEN.Sprint3.Task2.V13.Test.csproj", "{0DA9E029-91F7-4633-B572-6125D03DFA06}"
EndProject
Project("{FAE04EC0-301F-11D3-BF4B-00C04F79EFBC}") = "Tyuiu.RomanovichEN.Sprint3.Task2.V13", "Tyuiu.RomanovichEN.Sprint3.Task2.V13\Tyuiu.RomanovichEN.Sprint3.Task2.V13.csproj", "{544F60C8-2180-416A-95AA-3FE362FDB961}"
EndProject
Project("{2150E333-8FDC-42A3-9474-1A3956D46DE8}") = "Task3", "Task3", "{54F797B3-5569-4F5E-A16E-9636058BE468}"
EndProject
Project("{FAE04EC0-301F-11D3-BF4B-00C04F79EFBC}") = "Tyuiu.RomanovichEN.Sprint3.Task3.V20.Lib", "Tyuiu.RomanovichEN.Sprint3.Task3.V20.Lib\Tyuiu.RomanovichEN.Sprint3.Task3.V20.Lib.csproj", "{D9E0F575-6D96-4081-B4D4-0E352C2F2E78}"
EndProject
Project("{FAE04EC0-301F-11D3-BF4B-00C04F79EFBC}") = "Tyuiu.RomanovichEN.Sprint3.Task3.V20.Test", "Tyuiu.RomanovichEN.Sprint3.Task3.V20.Test\Tyuiu.RomanovichEN.Sprint3.Task3.V20.Test.csproj", "{D5B00350-B8FD-4EAC-B88E-056BBE3313C9}"
EndProject
Project("{FAE04EC0-301F-11D3-BF4B-00C04F79EFBC}") = "Tyuiu.RomanovichEN.Sprint3.Task3.V20", "Tyuiu.RomanovichEN.Sprint3.Task3.V20\Tyuiu.RomanovichEN.Sprint3.Task3.V20.csproj", "{59A991CB-266C-4D1F-B604-ED1935115D4F}"
EndProject
Project("{2150E333-8FDC-42A3-9474-1A3956D46DE8}") = "Task4", "Task4", "{6C64AE84-2572-4EBF-A875-BF3C97B89E5F}"
EndProject
Project("{FAE04EC0-301F-11D3-BF4B-00C04F79EFBC}") = "Tyuiu.RomanovichEN.Sprint3.Task4.V20.Lib", "Tyuiu.RomanovichEN.Sprint3.Task4.V20.Lib\Tyuiu.RomanovichEN.Sprint3.Task4.V20.Lib.csproj", "{18CE406B-7E36-4DCD-9506-C09B53C9BE90}"
EndProject
Project("{FAE04EC0-301F-11D3-BF4B-00C04F79EFBC}") = "Tyuiu.RomanovichEN.Sprint3.Task4.V20.Test", "Tyuiu.RomanovichEN.Sprint3.Task4.V20.Test\Tyuiu.RomanovichEN.Sprint3.Task4.V20.Test.csproj", "{8472E702-B7A0-447E-BCBE-A37BD68677B9}"
EndProject
Project("{FAE04EC0-301F-11D3-BF4B-00C04F79EFBC}") = "Tyuiu.RomanovichEN.Sprint3.Task4.V20", "Tyuiu.RomanovichEN.Sprint3.Task4.V20\Tyuiu.RomanovichEN.Sprint3.Task4.V20.csproj", "{1642C3AB-1808-46BC-A0F0-D0CE0E860F77}"
EndProject
Project("{2150E333-8FDC-42A3-9474-1A3956D46DE8}") = "Task5", "Task5", "{8333FC99-A041-449E-8017-6E135E4C295E}"
EndProject
Project("{FAE04EC0-301F-11D3-BF4B-00C04F79EFBC}") = "Tyuiu.RomanovichEN.Sprint3.Task5.V10.Lib", "Tyuiu.RomanovichEN.Sprint3.Task5.V10.Lib\Tyuiu.RomanovichEN.Sprint3.Task5.V10.Lib.csproj", "{07C58BA8-7BCB-4C00-B1E0-1CA3FD0C1F48}"
EndProject
Project("{FAE04EC0-301F-11D3-BF4B-00C04F79EFBC}") = "Tyuiu.RomanovichEN.Sprint3.Task5.V10.Test", "Tyuiu.RomanovichEN.Sprint3.Task5.V10.Test\Tyuiu.RomanovichEN.Sprint3.Task5.V10.Test.csproj", "{D70291C7-3200-4C1D-8728-FB115F30B4A1}"
EndProject
Project("{FAE04EC0-301F-11D3-BF4B-00C04F79EFBC}") = "Tyuiu.RomanovichEN.Sprint3.Task5.V10", "Tyuiu.RomanovichEN.Sprint3.Task5.V10\Tyuiu.RomanovichEN.Sprint3.Task5.V10.csproj", "{9D9C1771-12A1-4F83-A2E2-A7DB61AA960C}"
EndProject
Project("{2150E333-8FDC-42A3-9474-1A3956D46DE8}") = "Task6", "Task6", "{B5397B9F-D664-4DC2-96C0-61DE968430FE}"
EndProject
Project("{FAE04EC0-301F-11D3-BF4B-00C04F79EFBC}") = "Tyuiu.RomanovichEN.Sprint3.Task6.V26.Lib", "Tyuiu.RomanovichEN.Sprint3.Task6.V26.Lib\Tyuiu.RomanovichEN.Sprint3.Task6.V26.Lib.csproj", "{28E6BB89-6189-4795-B77D-AAC7315BD5F7}"
EndProject
Project("{FAE04EC0-301F-11D3-BF4B-00C04F79EFBC}") = "Tyuiu.RomanovichEN.Sprint3.Task6.V26", "Tyuiu.RomanovichEN.Sprint3.Task6.V26\Tyuiu.RomanovichEN.Sprint3.Task6.V26.csproj", "{BE367E62-B800-4FF1-9244-B3B7F5E8B3A8}"
EndProject
Project("{FAE04EC0-301F-11D3-BF4B-00C04F79EFBC}") = "Tyuiu.RomanovichEN.Sprint3.Task6.V26.Test", "Tyuiu.RomanovichEN.Sprint3.Task6.V26.Test\Tyuiu.RomanovichEN.Sprint3.Task6.V26.Test.csproj", "{25BFE1DC-F6BA-4C63-8B59-5739ED2FB8F7}"
EndProject
Global
	GlobalSection(SolutionConfigurationPlatforms) = preSolution
		Debug|Any CPU = Debug|Any CPU
		Release|Any CPU = Release|Any CPU
	EndGlobalSection
	GlobalSection(ProjectConfigurationPlatforms) = postSolution
		{61D087C9-8245-4B5D-8851-890D8F578792}.Debug|Any CPU.ActiveCfg = Debug|Any CPU
		{61D087C9-8245-4B5D-8851-890D8F578792}.Debug|Any CPU.Build.0 = Debug|Any CPU
		{61D087C9-8245-4B5D-8851-890D8F578792}.Release|Any CPU.ActiveCfg = Release|Any CPU
		{61D087C9-8245-4B5D-8851-890D8F578792}.Release|Any CPU.Build.0 = Release|Any CPU
		{72841D22-56D8-4617-BD3C-4271ACBE4918}.Debug|Any CPU.ActiveCfg = Debug|Any CPU
		{72841D22-56D8-4617-BD3C-4271ACBE4918}.Debug|Any CPU.Build.0 = Debug|Any CPU
		{72841D22-56D8-4617-BD3C-4271ACBE4918}.Release|Any CPU.ActiveCfg = Release|Any CPU
		{72841D22-56D8-4617-BD3C-4271ACBE4918}.Release|Any CPU.Build.0 = Release|Any CPU
		{654453D8-76E8-4168-9720-56D2F8B54C85}.Debug|Any CPU.ActiveCfg = Debug|Any CPU
		{654453D8-76E8-4168-9720-56D2F8B54C85}.Debug|Any CPU.Build.0 = Debug|Any CPU
		{654453D8-76E8-4168-9720-56D2F8B54C85}.Release|Any CPU.ActiveCfg = Release|Any CPU
		{654453D8-76E8-4168-9720-56D2F8B54C85}.Release|Any CPU.Build.0 = Release|Any CPU
		{F59F5C1F-09C6-40E9-A499-B09D5AA0E230}.Debug|Any CPU.ActiveCfg = Debug|Any CPU
		{F59F5C1F-09C6-40E9-A499-B09D5AA0E230}.Debug|Any CPU.Build.0 = Debug|Any CPU
		{F59F5C1F-09C6-40E9-A499-B09D5AA0E230}.Release|Any CPU.ActiveCfg = Release|Any CPU
		{F59F5C1F-09C6-40E9-A499-B09D5AA0E230}.Release|Any CPU.Build.0 = Release|Any CPU
		{80E196DB-3AF5-4114-B19D-38BEDE920A93}.Debug|Any CPU.ActiveCfg = Debug|Any CPU
		{80E196DB-3AF5-4114-B19D-38BEDE920A93}.Debug|Any CPU.Build.0 = Debug|Any CPU
		{80E196DB-3AF5-4114-B19D-38BEDE920A93}.Release|Any CPU.ActiveCfg = Release|Any CPU
		{80E196DB-3AF5-4114-B19D-38BEDE920A93}.Release|Any CPU.Build.0 = Release|Any CPU
		{CE899362-7378-4C14-8C04-DBC361E74D3D}.Debug|Any CPU.ActiveCfg = Debug|Any CPU
		{CE899362-7378-4C14-8C04-DBC361E74D3D}.Debug|Any CPU.Build.0 = Debug|Any CPU
		{CE899362-7378-4C14-8C04-DBC361E74D3D}.Release|Any CPU.ActiveCfg = Release|Any CPU
		{CE899362-7378-4C14-8C04-DBC361E74D3D}.Release|Any CPU.Build.0 = Release|Any CPU
		{C8157DD4-309C-4FDA-A842-CFF54FF6B97C}.Debug|Any CPU.ActiveCfg = Debug|Any CPU
		{C8157DD4-309C-4FDA-A842-CFF54FF6B97C}.Debug|Any CPU.Build.0 = Debug|Any CPU
		{C8157DD4-309C-4FDA-A842-CFF54FF6B97C}.Release|Any CPU.ActiveCfg = Release|Any CPU
		{C8157DD4-309C-4FDA-A842-CFF54FF6B97C}.Release|Any CPU.Build.0 = Release|Any CPU
		{0DA9E029-91F7-4633-B572-6125D03DFA06}.Debug|Any CPU.ActiveCfg = Debug|Any CPU
		{0DA9E029-91F7-4633-B572-6125D03DFA06}.Debug|Any CPU.Build.0 = Debug|Any CPU
		{0DA9E029-91F7-4633-B572-6125D03DFA06}.Release|Any CPU.ActiveCfg = Release|Any CPU
		{0DA9E029-91F7-4633-B572-6125D03DFA06}.Release|Any CPU.Build.0 = Release|Any CPU
		{544F60C8-2180-416A-95AA-3FE362FDB961}.Debug|Any CPU.ActiveCfg = Debug|Any CPU
		{544F60C8-2180-416A-95AA-3FE362FDB961}.Debug|Any CPU.Build.0 = Debug|Any CPU
		{544F60C8-2180-416A-95AA-3FE362FDB961}.Release|Any CPU.ActiveCfg = Release|Any CPU
		{544F60C8-2180-416A-95AA-3FE362FDB961}.Release|Any CPU.Build.0 = Release|Any CPU
		{D9E0F575-6D96-4081-B4D4-0E352C2F2E78}.Debug|Any CPU.ActiveCfg = Debug|Any CPU
		{D9E0F575-6D96-4081-B4D4-0E352C2F2E78}.Debug|Any CPU.Build.0 = Debug|Any CPU
		{D9E0F575-6D96-4081-B4D4-0E352C2F2E78}.Release|Any CPU.ActiveCfg = Release|Any CPU
		{D9E0F575-6D96-4081-B4D4-0E352C2F2E78}.Release|Any CPU.Build.0 = Release|Any CPU
		{D5B00350-B8FD-4EAC-B88E-056BBE3313C9}.Debug|Any CPU.ActiveCfg = Debug|Any CPU
		{D5B00350-B8FD-4EAC-B88E-056BBE3313C9}.Debug|Any CPU.Build.0 = Debug|Any CPU
		{D5B00350-B8FD-4EAC-B88E-056BBE3313C9}.Release|Any CPU.ActiveCfg = Release|Any CPU
		{D5B00350-B8FD-4EAC-B88E-056BBE3313C9}.Release|Any CPU.Build.0 = Release|Any CPU
		{59A991CB-266C-4D1F-B604-ED1935115D4F}.Debug|Any CPU.ActiveCfg = Debug|Any CPU
		{59A991CB-266C-4D1F-B604-ED1935115D4F}.Debug|Any CPU.Build.0 = Debug|Any CPU
		{59A991CB-266C-4D1F-B604-ED1935115D4F}.Release|Any CPU.ActiveCfg = Release|Any CPU
		{59A991CB-266C-4D1F-B604-ED1935115D4F}.Release|Any CPU.Build.0 = Release|Any CPU
		{18CE406B-7E36-4DCD-9506-C09B53C9BE90}.Debug|Any CPU.ActiveCfg = Debug|Any CPU
		{18CE406B-7E36-4DCD-9506-C09B53C9BE90}.Debug|Any CPU.Build.0 = Debug|Any CPU
		{18CE406B-7E36-4DCD-9506-C09B53C9BE90}.Release|Any CPU.ActiveCfg = Release|Any CPU
		{18CE406B-7E36-4DCD-9506-C09B53C9BE90}.Release|Any CPU.Build.0 = Release|Any CPU
		{8472E702-B7A0-447E-BCBE-A37BD68677B9}.Debug|Any CPU.ActiveCfg = Debug|Any CPU
		{8472E702-B7A0-447E-BCBE-A37BD68677B9}.Debug|Any CPU.Build.0 = Debug|Any CPU
		{8472E702-B7A0-447E-BCBE-A37BD68677B9}.Release|Any CPU.ActiveCfg = Release|Any CPU
		{8472E702-B7A0-447E-BCBE-A37BD68677B9}.Release|Any CPU.Build.0 = Release|Any CPU
		{1642C3AB-1808-46BC-A0F0-D0CE0E860F77}.Debug|Any CPU.ActiveCfg = Debug|Any CPU
		{1642C3AB-1808-46BC-A0F0-D0CE0E860F77}.Debug|Any CPU.Build.0 = Debug|Any CPU
		{1642C3AB-1808-46BC-A0F0-D0CE0E860F77}.Release|Any CPU.ActiveCfg = Release|Any CPU
		{1642C3AB-1808-46BC-A0F0-D0CE0E860F77}.Release|Any CPU.Build.0 = Release|Any CPU
		{07C58BA8-7BCB-4C00-B1E0-1CA3FD0C1F48}.Debug|Any CPU.ActiveCfg = Debug|Any CPU
		{07C58BA8-7BCB-4C00-B1E0-1CA3FD0C1F48}.Debug|Any CPU.Build.0 = Debug|Any CPU
		{07C58BA8-7BCB-4C00-B1E0-1CA3FD0C1F48}.Release|Any CPU.ActiveCfg = Release|Any CPU
		{07C58BA8-7BCB-4C00-B1E0-1CA3FD0C1F48}.Release|Any CPU.Build.0 = Release|Any CPU
		{D70291C7-3200-4C1D-8728-FB115F30B4A1}.Debug|Any CPU.ActiveCfg = Debug|Any CPU
		{D70291C7-3200-4C1D-8728-FB115F30B4A1}.Debug|Any CPU.Build.0 = Debug|Any CPU
		{D70291C7-3200-4C1D-8728-FB115F30B4A1}.Release|Any CPU.ActiveCfg = Release|Any CPU
		{D70291C7-3200-4C1D-8728-FB115F30B4A1}.Release|Any CPU.Build.0 = Release|Any CPU
		{9D9C1771-12A1-4F83-A2E2-A7DB61AA960C}.Debug|Any CPU.ActiveCfg = Debug|Any CPU
		{9D9C1771-12A1-4F83-A2E2-A7DB61AA960C}.Debug|Any CPU.Build.0 = Debug|Any CPU
		{9D9C1771-12A1-4F83-A2E2-A7DB61AA960C}.Release|Any CPU.ActiveCfg = Release|Any CPU
		{9D9C1771-12A1-4F83-A2E2-A7DB61AA960C}.Release|Any CPU.Build.0 = Release|Any CPU
		{28E6BB89-6189-4795-B77D-AAC7315BD5F7}.Debug|Any CPU.ActiveCfg = Debug|Any CPU
		{28E6BB89-6189-4795-B77D-AAC7315BD5F7}.Debug|Any CPU.Build.0 = Debug|Any CPU
		{28E6BB89-6189-4795-B77D-AAC7315BD5F7}.Release|Any CPU.ActiveCfg = Release|Any CPU
		{28E6BB89-6189-4795-B77D-AAC7315BD5F7}.Release|Any CPU.Build.0 = Release|Any CPU
		{BE367E62-B800-4FF1-9244-B3B7F5E8B3A8}.Debug|Any CPU.ActiveCfg = Debug|Any CPU
		{BE367E62-B800-4FF1-9244-B3B7F5E8B3A8}.Debug|Any CPU.Build.0 = Debug|Any CPU
		{BE367E62-B800-4FF1-9244-B3B7F5E8B3A8}.Release|Any CPU.ActiveCfg = Release|Any CPU
		{BE367E62-B800-4FF1-9244-B3B7F5E8B3A8}.Release|Any CPU.Build.0 = Release|Any CPU
		{25BFE1DC-F6BA-4C63-8B59-5739ED2FB8F7}.Debug|Any CPU.ActiveCfg = Debug|Any CPU
		{25BFE1DC-F6BA-4C63-8B59-5739ED2FB8F7}.Debug|Any CPU.Build.0 = Debug|Any CPU
		{25BFE1DC-F6BA-4C63-8B59-5739ED2FB8F7}.Release|Any CPU.ActiveCfg = Release|Any CPU
		{25BFE1DC-F6BA-4C63-8B59-5739ED2FB8F7}.Release|Any CPU.Build.0 = Release|Any CPU
	EndGlobalSection
	GlobalSection(SolutionProperties) = preSolution
		HideSolutionNode = FALSE
	EndGlobalSection
	GlobalSection(NestedProjects) = preSolution
		{61D087C9-8245-4B5D-8851-890D8F578792} = {02EA681E-C7D8-13C7-8484-4AC65E1B71E8}
		{72841D22-56D8-4617-BD3C-4271ACBE4918} = {02EA681E-C7D8-13C7-8484-4AC65E1B71E8}
		{654453D8-76E8-4168-9720-56D2F8B54C85} = {02EA681E-C7D8-13C7-8484-4AC65E1B71E8}
		{F59F5C1F-09C6-40E9-A499-B09D5AA0E230} = {EBED3E12-C98F-4AC2-8400-D57468FEB73A}
		{80E196DB-3AF5-4114-B19D-38BEDE920A93} = {EBED3E12-C98F-4AC2-8400-D57468FEB73A}
		{CE899362-7378-4C14-8C04-DBC361E74D3D} = {EBED3E12-C98F-4AC2-8400-D57468FEB73A}
		{C8157DD4-309C-4FDA-A842-CFF54FF6B97C} = {47E2F1CA-8676-4032-A7F2-B30F82849757}
		{0DA9E029-91F7-4633-B572-6125D03DFA06} = {47E2F1CA-8676-4032-A7F2-B30F82849757}
		{544F60C8-2180-416A-95AA-3FE362FDB961} = {47E2F1CA-8676-4032-A7F2-B30F82849757}
		{D9E0F575-6D96-4081-B4D4-0E352C2F2E78} = {54F797B3-5569-4F5E-A16E-9636058BE468}
		{D5B00350-B8FD-4EAC-B88E-056BBE3313C9} = {54F797B3-5569-4F5E-A16E-9636058BE468}
		{59A991CB-266C-4D1F-B604-ED1935115D4F} = {54F797B3-5569-4F5E-A16E-9636058BE468}
		{18CE406B-7E36-4DCD-9506-C09B53C9BE90} = {6C64AE84-2572-4EBF-A875-BF3C97B89E5F}
		{8472E702-B7A0-447E-BCBE-A37BD68677B9} = {6C64AE84-2572-4EBF-A875-BF3C97B89E5F}
		{1642C3AB-1808-46BC-A0F0-D0CE0E860F77} = {6C64AE84-2572-4EBF-A875-BF3C97B89E5F}
		{07C58BA8-7BCB-4C00-B1E0-1CA3FD0C1F48} = {8333FC99-A041-449E-8017-6E135E4C295E}
		{D70291C7-3200-4C1D-8728-FB115F30B4A1} = {8333FC99-A041-449E-8017-6E135E4C295E}
		{9D9C1771-12A1-4F83-A2E2-A7DB61AA960C} = {8333FC99-A041-449E-8017-6E135E4C295E}
		{28E6BB89-6189-4795-B77D-AAC7315BD5F7} = {B5397B9F-D664-4DC2-96C0-61DE968430FE}
		{BE367E62-B800-4FF1-9244-B3B7F5E8B3A8} = {B5397B9F-D664-4DC2-96C0-61DE968430FE}
		{25BFE1DC-F6BA-4C63-8B59-5739ED2FB8F7} = {B5397B9F-D664-4DC2-96C0-61DE968430FE}
	EndGlobalSection
	GlobalSection(ExtensibilityGlobals) = postSolution
		SolutionGuid = {DA2666B1-61F7-4B78-8FDF-5CD6F26E991B}
	EndGlobalSection
EndGlobal
